
Microsoft Visual Studio Solution File, Format Version 12.00
# Visual Studio Version 17
VisualStudioVersion = 17.6.33723.286
MinimumVisualStudioVersion = 10.0.40219.1
Project("{F184B08F-C81C-45F6-A57F-5ABD9991F28F}") = "Reporte Costura", "Reporte Costura.vbproj", "{D538FE68-3086-4597-AFA6-4615AF422987}"
EndProject
Global
	GlobalSection(SolutionConfigurationPlatforms) = preSolution
		Debug|Any CPU = Debug|Any CPU
		Release|Any CPU = Release|Any CPU
	EndGlobalSection
	GlobalSection(ProjectConfigurationPlatforms) = postSolution
		{D538FE68-3086-4597-AFA6-4615AF422987}.Debug|Any CPU.ActiveCfg = Debug|Any CPU
		{D538FE68-3086-4597-AFA6-4615AF422987}.Debug|Any CPU.Build.0 = Debug|Any CPU
		{D538FE68-3086-4597-AFA6-4615AF422987}.Release|Any CPU.ActiveCfg = Release|Any CPU
		{D538FE68-3086-4597-AFA6-4615AF422987}.Release|Any CPU.Build.0 = Release|Any CPU
	EndGlobalSection
	GlobalSection(SolutionProperties) = preSolution
		HideSolutionNode = FALSE
	EndGlobalSection
	GlobalSection(ExtensibilityGlobals) = postSolution
		SolutionGuid = {87AE9A25-9FB6-453D-B8BA-89255F5781B0}
	EndGlobalSection
EndGlobal
